
Microsoft Visual Studio Solution File, Format Version 12.00
# Visual Studio Version 17
VisualStudioVersion = 17.1.32407.343
MinimumVisualStudioVersion = 10.0.40219.1
Project("{FAE04EC0-301F-11D3-BF4B-00C04F79EFBC}") = "CafeManagement", "CafeManagement\CafeManagement.csproj", "{D78B7999-30E4-4316-BA3B-62D3CCE94C6E}"
EndProject
Global
	GlobalSection(SolutionConfigurationPlatforms) = preSolution
		Debug|Any CPU = Debug|Any CPU
		Release|Any CPU = Release|Any CPU
	EndGlobalSection
	GlobalSection(ProjectConfigurationPlatforms) = postSolution
		{D78B7999-30E4-4316-BA3B-62D3CCE94C6E}.Debug|Any CPU.ActiveCfg = Debug|Any CPU
		{D78B7999-30E4-4316-BA3B-62D3CCE94C6E}.Debug|Any CPU.Build.0 = Debug|Any CPU
		{D78B7999-30E4-4316-BA3B-62D3CCE94C6E}.Release|Any CPU.ActiveCfg = Release|Any CPU
		{D78B7999-30E4-4316-BA3B-62D3CCE94C6E}.Release|Any CPU.Build.0 = Release|Any CPU
	EndGlobalSection
	GlobalSection(SolutionProperties) = preSolution
		HideSolutionNode = FALSE
	EndGlobalSection
	GlobalSection(ExtensibilityGlobals) = postSolution
		SolutionGuid = {8F785048-BF00-4B95-B390-BB8863FE583A}
	EndGlobalSection
EndGlobal
